
Microsoft Visual Studio Solution File, Format Version 12.00
# Visual Studio Version 16
VisualStudioVersion = 16.0.31613.86
MinimumVisualStudioVersion = 10.0.40219.1
Project("{2150E333-8FDC-42A3-9474-1A3956D46DE8}") = "src", "src", "{18B1D094-6064-4090-A3A3-39837CB64E6E}"
EndProject
Project("{9A19103F-16F7-4668-BE54-9A1E7A4F7556}") = "VotingFilesDownloader", "src\VotingFilesDownloader\VotingFilesDownloader.csproj", "{F997A90F-87E4-4F8F-B112-674AE0E3A7AA}"
EndProject
Global
	GlobalSection(SolutionConfigurationPlatforms) = preSolution
		Debug|Any CPU = Debug|Any CPU
		Release|Any CPU = Release|Any CPU
	EndGlobalSection
	GlobalSection(ProjectConfigurationPlatforms) = postSolution
		{F997A90F-87E4-4F8F-B112-674AE0E3A7AA}.Debug|Any CPU.ActiveCfg = Debug|Any CPU
		{F997A90F-87E4-4F8F-B112-674AE0E3A7AA}.Debug|Any CPU.Build.0 = Debug|Any CPU
		{F997A90F-87E4-4F8F-B112-674AE0E3A7AA}.Release|Any CPU.ActiveCfg = Release|Any CPU
		{F997A90F-87E4-4F8F-B112-674AE0E3A7AA}.Release|Any CPU.Build.0 = Release|Any CPU
	EndGlobalSection
	GlobalSection(SolutionProperties) = preSolution
		HideSolutionNode = FALSE
	EndGlobalSection
	GlobalSection(NestedProjects) = preSolution
		{F997A90F-87E4-4F8F-B112-674AE0E3A7AA} = {18B1D094-6064-4090-A3A3-39837CB64E6E}
	EndGlobalSection
	GlobalSection(ExtensibilityGlobals) = postSolution
		SolutionGuid = {45E60C03-FBB5-4B07-A561-159202E19EAE}
	EndGlobalSection
EndGlobal
